{
  "version": 4,
  "terraform_version": "1.13.4",
  "serial": 25,
  "lineage": "eb45db09-e4f6-495f-f735-d80afb42bed7",
  "outputs": {},
  "resources": [
    {
      "mode": "data",
      "type": "aws_ami",
      "name": "my_ami",
      "provider": "provider[\"registry.terraform.io/hashicorp/aws\"]",
      "instances": [
        {
          "schema_version": 0,
          "attributes": {
            "allow_unsafe_filter": null,
            "architecture": "x86_64",
            "arn": "arn:aws:ec2:us-east-1::image/ami-0771b6766e1e61632",
            "block_device_mappings": [
              {
                "device_name": "/dev/xvda",
                "ebs": {
                  "delete_on_termination": "true",
                  "encrypted": "false",
                  "iops": "0",
                  "snapshot_id": "snap-0cd561962551d8ac5",
                  "throughput": "0",
                  "volume_initialization_rate": "0",
                  "volume_size": "8",
                  "volume_type": "gp2"
                },
                "no_device": "",
                "virtual_name": ""
              }
            ],
            "boot_mode": "",
            "creation_date": "2026-01-09T22:09:24.000Z",
            "deprecation_time": "2026-04-09T00:00:00.000Z",
            "description": "Amazon Linux 2 AMI 2.0.20260109.1 x86_64 HVM gp2",
            "ena_support": true,
            "executable_users": null,
            "filter": [
              {
                "name": "name",
                "values": [
                  "amzn2-ami-hvm-*-x86_64-gp2"
                ]
              }
            ],
            "hypervisor": "xen",
            "id": "ami-0771b6766e1e61632",
            "image_id": "ami-0771b6766e1e61632",
            "image_location": "amazon/amzn2-ami-hvm-2.0.20260109.1-x86_64-gp2",
            "image_owner_alias": "amazon",
            "image_type": "machine",
            "imds_support": "",
            "include_deprecated": false,
            "kernel_id": "",
            "last_launched_time": "",
            "most_recent": true,
            "name": "amzn2-ami-hvm-2.0.20260109.1-x86_64-gp2",
            "name_regex": null,
            "owner_id": "137112412989",
            "owners": [
              "amazon"
            ],
            "platform": "",
            "platform_details": "Linux/UNIX",
            "product_codes": [],
            "public": true,
            "ramdisk_id": "",
            "region": "us-east-1",
            "root_device_name": "/dev/xvda",
            "root_device_type": "ebs",
            "root_snapshot_id": "snap-0cd561962551d8ac5",
            "sriov_net_support": "simple",
            "state": "available",
            "state_reason": {
              "code": "UNSET",
              "message": "UNSET"
            },
            "tags": {},
            "timeouts": null,
            "tpm_support": "",
            "uefi_data": null,
            "usage_operation": "RunInstances",
            "virtualization_type": "hvm"
          },
          "sensitive_attributes": [],
          "identity_schema_version": 0
        }
      ]
    },
    {
      "mode": "managed",
      "type": "aws_db_instance",
      "name": "mydb",
      "provider": "provider[\"registry.terraform.io/hashicorp/aws\"]",
      "instances": [
        {
          "schema_version": 2,
          "attributes": {
            "address": "mydb-instance.c8vumg48k3l5.us-east-1.rds.amazonaws.com",
            "allocated_storage": 20,
            "allow_major_version_upgrade": null,
            "apply_immediately": false,
            "arn": "arn:aws:rds:us-east-1:862714032458:db:mydb-instance",
            "auto_minor_version_upgrade": true,
            "availability_zone": "us-east-1b",
            "backup_retention_period": 0,
            "backup_target": "region",
            "backup_window": "07:43-08:13",
            "blue_green_update": [],
            "ca_cert_identifier": "rds-ca-rsa2048-g1",
            "character_set_name": "",
            "copy_tags_to_snapshot": false,
            "custom_iam_instance_profile": "",
            "customer_owned_ip_enabled": false,
            "database_insights_mode": "standard",
            "db_name": "mydatabase",
            "db_subnet_group_name": "db-subnet-group",
            "dedicated_log_volume": false,
            "delete_automated_backups": true,
            "deletion_protection": false,
            "domain": "",
            "domain_auth_secret_arn": "",
            "domain_dns_ips": null,
            "domain_fqdn": "",
            "domain_iam_role_name": "",
            "domain_ou": "",
            "enabled_cloudwatch_logs_exports": null,
            "endpoint": "mydb-instance.c8vumg48k3l5.us-east-1.rds.amazonaws.com:3306",
            "engine": "mysql",
            "engine_lifecycle_support": "open-source-rds-extended-support",
            "engine_version": "8.0.43",
            "engine_version_actual": "8.0.43",
            "final_snapshot_identifier": null,
            "hosted_zone_id": "Z2R2ITUGPM61AM",
            "iam_database_authentication_enabled": false,
            "id": "db-6IOAM3B53YJACM2SUC73V4XW5M",
            "identifier": "mydb-instance",
            "identifier_prefix": "",
            "instance_class": "db.t3.micro",
            "iops": 0,
            "kms_key_id": "",
            "latest_restorable_time": "",
            "license_model": "general-public-license",
            "listener_endpoint": [],
            "maintenance_window": "thu:08:23-thu:08:53",
            "manage_master_user_password": null,
            "master_user_secret": [],
            "master_user_secret_kms_key_id": null,
            "max_allocated_storage": 0,
            "monitoring_interval": 0,
            "monitoring_role_arn": "",
            "multi_az": false,
            "nchar_character_set_name": "",
            "network_type": "IPV4",
            "option_group_name": "default:mysql-8-0",
            "parameter_group_name": "default.mysql8.0",
            "password": "Cloud123",
            "password_wo": null,
            "password_wo_version": null,
            "performance_insights_enabled": false,
            "performance_insights_kms_key_id": "",
            "performance_insights_retention_period": 0,
            "port": 3306,
            "publicly_accessible": false,
            "region": "us-east-1",
            "replica_mode": "",
            "replicas": [],
            "replicate_source_db": "",
            "resource_id": "db-6IOAM3B53YJACM2SUC73V4XW5M",
            "restore_to_point_in_time": [],
            "s3_import": [],
            "skip_final_snapshot": true,
            "snapshot_identifier": null,
            "status": "available",
            "storage_encrypted": false,
            "storage_throughput": 0,
            "storage_type": "gp2",
            "tags": {
              "Name": "mydb-instance"
            },
            "tags_all": {
              "Name": "mydb-instance"
            },
            "timeouts": null,
            "timezone": "",
            "upgrade_rollout_order": "second",
            "upgrade_storage_config": null,
            "username": "admin",
            "vpc_security_group_ids": [
              "sg-0b1b9d29fa98038af"
            ]
          },
          "sensitive_attributes": [
            [
              {
                "type": "get_attr",
                "value": "password"
              }
            ],
            [
              {
                "type": "get_attr",
                "value": "password_wo"
              }
            ]
          ],
          "identity_schema_version": 0,
          "private": "eyJlMmJmYjczMC1lY2FhLTExZTYtOGY4OC0zNDM2M2JjN2M0YzAiOnsiY3JlYXRlIjozMDAwMDAwMDAwMDAwLCJkZWxldGUiOjM2MDAwMDAwMDAwMDAsInVwZGF0ZSI6NDgwMDAwMDAwMDAwMH0sInNjaGVtYV92ZXJzaW9uIjoiMiJ9",
          "dependencies": [
            "aws_db_subnet_group.db_subnet_group",
            "aws_security_group.main_sg",
            "aws_subnet.private_1",
            "aws_subnet.private_2",
            "aws_vpc.main"
          ]
        }
      ]
    },
    {
      "mode": "managed",
      "type": "aws_db_subnet_group",
      "name": "db_subnet_group",
      "provider": "provider[\"registry.terraform.io/hashicorp/aws\"]",
      "instances": [
        {
          "schema_version": 0,
          "attributes": {
            "arn": "arn:aws:rds:us-east-1:862714032458:subgrp:db-subnet-group",
            "description": "Managed by Terraform",
            "id": "db-subnet-group",
            "name": "db-subnet-group",
            "name_prefix": "",
            "region": "us-east-1",
            "subnet_ids": [
              "subnet-045eb637bb3d64278",
              "subnet-07eda84b8f47296e9"
            ],
            "supported_network_types": [
              "IPV4"
            ],
            "tags": {
              "Name": "mydb-subnet-group"
            },
            "tags_all": {
              "Name": "mydb-subnet-group"
            },
            "vpc_id": "vpc-0f1a99692df5d9987"
          },
          "sensitive_attributes": [],
          "identity_schema_version": 0,
          "private": "bnVsbA==",
          "dependencies": [
            "aws_subnet.private_1",
            "aws_subnet.private_2",
            "aws_vpc.main"
          ]
        }
      ]
    },
    {
      "mode": "managed",
      "type": "aws_eip",
      "name": "nat_eip",
      "provider": "provider[\"registry.terraform.io/hashicorp/aws\"]",
      "instances": [
        {
          "schema_version": 0,
          "attributes": {
            "address": null,
            "allocation_id": "eipalloc-03890b9c0f27f7734",
            "arn": "arn:aws:ec2:us-east-1:862714032458:elastic-ip/eipalloc-03890b9c0f27f7734",
            "associate_with_private_ip": null,
            "association_id": "eipassoc-02b3ebcdae268fa1e",
            "carrier_ip": "",
            "customer_owned_ip": "",
            "customer_owned_ipv4_pool": "",
            "domain": "vpc",
            "id": "eipalloc-03890b9c0f27f7734",
            "instance": "",
            "ipam_pool_id": null,
            "network_border_group": "us-east-1",
            "network_interface": "eni-088c164cb179d4ecc",
            "private_dns": "ip-10-0-1-123.ec2.internal",
            "private_ip": "10.0.1.123",
            "ptr_record": "",
            "public_dns": "ec2-52-23-8-225.compute-1.amazonaws.com",
            "public_ip": "52.23.8.225",
            "public_ipv4_pool": "amazon",
            "region": "us-east-1",
            "tags": {
              "Name": "nat-eip"
            },
            "tags_all": {
              "Name": "nat-eip"
            },
            "timeouts": null
          },
          "sensitive_attributes": [],
          "identity_schema_version": 0,
          "private": "eyJlMmJmYjczMC1lY2FhLTExZTYtOGY4OC0zNDM2M2JjN2M0YzAiOnsiZGVsZXRlIjoxODAwMDAwMDAwMDAsInJlYWQiOjkwMDAwMDAwMDAwMCwidXBkYXRlIjozMDAwMDAwMDAwMDB9fQ=="
        }
      ]
    },
    {
      "mode": "managed",
      "type": "aws_instance",
      "name": "bastion",
      "provider": "provider[\"registry.terraform.io/hashicorp/aws\"]",
      "instances": [
        {
          "schema_version": 2,
          "attributes": {
            "ami": "ami-0771b6766e1e61632",
            "arn": "arn:aws:ec2:us-east-1:862714032458:instance/i-08944218d98059a1f",
            "associate_public_ip_address": true,
            "availability_zone": "us-east-1a",
            "capacity_reservation_specification": [
              {
                "capacity_reservation_preference": "open",
                "capacity_reservation_target": []
              }
            ],
            "cpu_options": [
              {
                "amd_sev_snp": "",
                "core_count": 1,
                "threads_per_core": 2
              }
            ],
            "credit_specification": [
              {
                "cpu_credits": "unlimited"
              }
            ],
            "disable_api_stop": false,
            "disable_api_termination": false,
            "ebs_block_device": [],
            "ebs_optimized": false,
            "enable_primary_ipv6": null,
            "enclave_options": [
              {
                "enabled": false
              }
            ],
            "ephemeral_block_device": [],
            "force_destroy": false,
            "get_password_data": false,
            "hibernation": false,
            "host_id": "",
            "host_resource_group_arn": null,
            "iam_instance_profile": "",
            "id": "i-08944218d98059a1f",
            "instance_initiated_shutdown_behavior": "stop",
            "instance_lifecycle": "",
            "instance_market_options": [],
            "instance_state": "running",
            "instance_type": "t3.micro",
            "ipv6_address_count": 0,
            "ipv6_addresses": [],
            "key_name": "bastion-key",
            "launch_template": [],
            "maintenance_options": [
              {
                "auto_recovery": "default"
              }
            ],
            "metadata_options": [
              {
                "http_endpoint": "enabled",
                "http_protocol_ipv6": "disabled",
                "http_put_response_hop_limit": 1,
                "http_tokens": "optional",
                "instance_metadata_tags": "disabled"
              }
            ],
            "monitoring": false,
            "network_interface": [],
            "outpost_arn": "",
            "password_data": "",
            "placement_group": "",
            "placement_group_id": "",
            "placement_partition_number": 0,
            "primary_network_interface": [
              {
                "delete_on_termination": true,
                "network_interface_id": "eni-08e92ba0a696f5379"
              }
            ],
            "primary_network_interface_id": "eni-08e92ba0a696f5379",
            "private_dns": "ip-10-0-1-253.ec2.internal",
            "private_dns_name_options": [
              {
                "enable_resource_name_dns_a_record": false,
                "enable_resource_name_dns_aaaa_record": false,
                "hostname_type": "ip-name"
              }
            ],
            "private_ip": "10.0.1.253",
            "public_dns": "",
            "public_ip": "98.81.103.148",
            "region": "us-east-1",
            "root_block_device": [
              {
                "delete_on_termination": true,
                "device_name": "/dev/xvda",
                "encrypted": false,
                "iops": 100,
                "kms_key_id": "",
                "tags": {},
                "tags_all": {},
                "throughput": 0,
                "volume_id": "vol-01e57ecb39c2a2165",
                "volume_size": 8,
                "volume_type": "gp2"
              }
            ],
            "secondary_private_ips": [],
            "security_groups": [],
            "source_dest_check": true,
            "spot_instance_request_id": "",
            "subnet_id": "subnet-03b84908f21703fa8",
            "tags": {
              "Name": "Bastion"
            },
            "tags_all": {
              "Name": "Bastion"
            },
            "tenancy": "default",
            "timeouts": null,
            "user_data": null,
            "user_data_base64": null,
            "user_data_replace_on_change": false,
            "volume_tags": null,
            "vpc_security_group_ids": [
              "sg-0b1b9d29fa98038af"
            ]
          },
          "sensitive_attributes": [],
          "identity_schema_version": 0,
          "identity": {
            "account_id": "862714032458",
            "id": "i-08944218d98059a1f",
            "region": "us-east-1"
          },
          "private": "eyJlMmJmYjczMC1lY2FhLTExZTYtOGY4OC0zNDM2M2JjN2M0YzAiOnsiY3JlYXRlIjo2MDAwMDAwMDAwMDAsImRlbGV0ZSI6MTIwMDAwMDAwMDAwMCwicmVhZCI6OTAwMDAwMDAwMDAwLCJ1cGRhdGUiOjYwMDAwMDAwMDAwMH0sInNjaGVtYV92ZXJzaW9uIjoiMiJ9",
          "dependencies": [
            "aws_key_pair.bastion_key",
            "aws_security_group.main_sg",
            "aws_subnet.public_1",
            "aws_vpc.main",
            "data.aws_ami.my_ami",
            "tls_private_key.bastion"
          ]
        }
      ]
    },
    {
      "mode": "managed",
      "type": "aws_instance",
      "name": "private_server",
      "provider": "provider[\"registry.terraform.io/hashicorp/aws\"]",
      "instances": [
        {
          "schema_version": 2,
          "attributes": {
            "ami": "ami-0771b6766e1e61632",
            "arn": "arn:aws:ec2:us-east-1:862714032458:instance/i-0c1189243f50e09a7",
            "associate_public_ip_address": false,
            "availability_zone": "us-east-1a",
            "capacity_reservation_specification": [
              {
                "capacity_reservation_preference": "open",
                "capacity_reservation_target": []
              }
            ],
            "cpu_options": [
              {
                "amd_sev_snp": "",
                "core_count": 1,
                "threads_per_core": 2
              }
            ],
            "credit_specification": [
              {
                "cpu_credits": "unlimited"
              }
            ],
            "disable_api_stop": false,
            "disable_api_termination": false,
            "ebs_block_device": [],
            "ebs_optimized": false,
            "enable_primary_ipv6": null,
            "enclave_options": [
              {
                "enabled": false
              }
            ],
            "ephemeral_block_device": [],
            "force_destroy": false,
            "get_password_data": false,
            "hibernation": false,
            "host_id": "",
            "host_resource_group_arn": null,
            "iam_instance_profile": "",
            "id": "i-0c1189243f50e09a7",
            "instance_initiated_shutdown_behavior": "stop",
            "instance_lifecycle": "",
            "instance_market_options": [],
            "instance_state": "running",
            "instance_type": "t3.micro",
            "ipv6_address_count": 0,
            "ipv6_addresses": [],
            "key_name": "bastion-key",
            "launch_template": [],
            "maintenance_options": [
              {
                "auto_recovery": "default"
              }
            ],
            "metadata_options": [
              {
                "http_endpoint": "enabled",
                "http_protocol_ipv6": "disabled",
                "http_put_response_hop_limit": 1,
                "http_tokens": "optional",
                "instance_metadata_tags": "disabled"
              }
            ],
            "monitoring": false,
            "network_interface": [],
            "outpost_arn": "",
            "password_data": "",
            "placement_group": "",
            "placement_group_id": "",
            "placement_partition_number": 0,
            "primary_network_interface": [
              {
                "delete_on_termination": true,
                "network_interface_id": "eni-06e71c1ded7d94a2c"
              }
            ],
            "primary_network_interface_id": "eni-06e71c1ded7d94a2c",
            "private_dns": "ip-10-0-3-86.ec2.internal",
            "private_dns_name_options": [
              {
                "enable_resource_name_dns_a_record": false,
                "enable_resource_name_dns_aaaa_record": false,
                "hostname_type": "ip-name"
              }
            ],
            "private_ip": "10.0.3.86",
            "public_dns": "",
            "public_ip": "",
            "region": "us-east-1",
            "root_block_device": [
              {
                "delete_on_termination": true,
                "device_name": "/dev/xvda",
                "encrypted": false,
                "iops": 100,
                "kms_key_id": "",
                "tags": {},
                "tags_all": {},
                "throughput": 0,
                "volume_id": "vol-0f4d9086263bd0cc1",
                "volume_size": 8,
                "volume_type": "gp2"
              }
            ],
            "secondary_private_ips": [],
            "security_groups": [],
            "source_dest_check": true,
            "spot_instance_request_id": "",
            "subnet_id": "subnet-07eda84b8f47296e9",
            "tags": {
              "Name": "PrivateServer"
            },
            "tags_all": {
              "Name": "PrivateServer"
            },
            "tenancy": "default",
            "timeouts": null,
            "user_data": null,
            "user_data_base64": null,
            "user_data_replace_on_change": false,
            "volume_tags": null,
            "vpc_security_group_ids": [
              "sg-0b1b9d29fa98038af"
            ]
          },
          "sensitive_attributes": [],
          "identity_schema_version": 0,
          "identity": {
            "account_id": "862714032458",
            "id": "i-0c1189243f50e09a7",
            "region": "us-east-1"
          },
          "private": "eyJlMmJmYjczMC1lY2FhLTExZTYtOGY4OC0zNDM2M2JjN2M0YzAiOnsiY3JlYXRlIjo2MDAwMDAwMDAwMDAsImRlbGV0ZSI6MTIwMDAwMDAwMDAwMCwicmVhZCI6OTAwMDAwMDAwMDAwLCJ1cGRhdGUiOjYwMDAwMDAwMDAwMH0sInNjaGVtYV92ZXJzaW9uIjoiMiJ9",
          "dependencies": [
            "aws_eip.nat_eip",
            "aws_internet_gateway.igw",
            "aws_key_pair.bastion_key",
            "aws_nat_gateway.nat",
            "aws_security_group.main_sg",
            "aws_subnet.private_1",
            "aws_subnet.public_1",
            "aws_vpc.main",
            "data.aws_ami.my_ami",
            "tls_private_key.bastion"
          ]
        }
      ]
    },
    {
      "mode": "managed",
      "type": "aws_internet_gateway",
      "name": "igw",
      "provider": "provider[\"registry.terraform.io/hashicorp/aws\"]",
      "instances": [
        {
          "schema_version": 0,
          "attributes": {
            "arn": "arn:aws:ec2:us-east-1:862714032458:internet-gateway/igw-0166dee9766ae4793",
            "id": "igw-0166dee9766ae4793",
            "owner_id": "862714032458",
            "region": "us-east-1",
            "tags": {
              "Name": "project-igw"
            },
            "tags_all": {
              "Name": "project-igw"
            },
            "timeouts": null,
            "vpc_id": "vpc-0f1a99692df5d9987"
          },
          "sensitive_attributes": [],
          "identity_schema_version": 0,
          "private": "eyJlMmJmYjczMC1lY2FhLTExZTYtOGY4OC0zNDM2M2JjN2M0YzAiOnsiY3JlYXRlIjoxMjAwMDAwMDAwMDAwLCJkZWxldGUiOjEyMDAwMDAwMDAwMDAsInVwZGF0ZSI6MTIwMDAwMDAwMDAwMH19",
          "dependencies": [
            "aws_vpc.main"
          ]
        }
      ]
    },
    {
      "mode": "managed",
      "type": "aws_key_pair",
      "name": "bastion_key",
      "provider": "provider[\"registry.terraform.io/hashicorp/aws\"]",
      "instances": [
        {
          "schema_version": 1,
          "attributes": {
            "arn": "arn:aws:ec2:us-east-1:862714032458:key-pair/bastion-key",
            "fingerprint": "9f:a8:fc:3c:a5:48:94:5e:47:31:66:38:26:3b:6f:80",
            "id": "bastion-key",
            "key_name": "bastion-key",
            "key_name_prefix": "",
            "key_pair_id": "key-023e679639c50f8ba",
            "key_type": "rsa",
            "public_key": "ssh-rsa AAAAB3NzaC1yc2EAAAADAQABAAABAQDdlN51BZ2UBj7ibUfxTVnqvf3zB9I/9QQy1eOhgYpv3LEVUK/aIoZ9V9xbusjILvuwHDIctu/Zz/sv4sZZsZ7GGcDajMNVTPW55EVu4G6jYqf1L5BqRO8utdQJRhZpuy2FNwqTpFVqoWEIzRYzIfQdUbUdhhLoJ5WKiOWWcNosae3vpW/GtleHiz3DdZRzitUF1cu5BgafGdh2ihqAc1fDuGPUrkctzgEaY9h8nutkxioE7UjT0TtyRSu0T690VfMYzN46JnUF6brYBuh+b64T5bF4gacI3gBEoIHa6d0i997VTtwPXCnFWtj4kk1XCJKKMvG4VMeVoM3MTVycggv/",
            "region": "us-east-1",
            "tags": {},
            "tags_all": {}
          },
          "sensitive_attributes": [],
          "identity_schema_version": 0,
          "private": "eyJzY2hlbWFfdmVyc2lvbiI6IjEifQ==",
          "dependencies": [
            "tls_private_key.bastion"
          ]
        }
      ]
    },
    {
      "mode": "managed",
      "type": "aws_nat_gateway",
      "name": "nat",
      "provider": "provider[\"registry.terraform.io/hashicorp/aws\"]",
      "instances": [
        {
          "schema_version": 0,
          "attributes": {
            "allocation_id": "eipalloc-03890b9c0f27f7734",
            "association_id": "eipassoc-02b3ebcdae268fa1e",
            "auto_provision_zones": null,
            "auto_scaling_ips": null,
            "availability_mode": "zonal",
            "availability_zone_address": [],
            "connectivity_type": "public",
            "id": "nat-0aed518127d46da51",
            "network_interface_id": "eni-088c164cb179d4ecc",
            "private_ip": "10.0.1.123",
            "public_ip": "52.23.8.225",
            "region": "us-east-1",
            "regional_nat_gateway_address": [],
            "regional_nat_gateway_auto_mode": null,
            "route_table_id": null,
            "secondary_allocation_ids": [],
            "secondary_private_ip_address_count": 0,
            "secondary_private_ip_addresses": [],
            "subnet_id": "subnet-03b84908f21703fa8",
            "tags": {
              "Name": "nat-gateway"
            },
            "tags_all": {
              "Name": "nat-gateway"
            },
            "timeouts": null,
            "vpc_id": "vpc-0f1a99692df5d9987"
          },
          "sensitive_attributes": [],
          "identity_schema_version": 0,
          "private": "eyJlMmJmYjczMC1lY2FhLTExZTYtOGY4OC0zNDM2M2JjN2M0YzAiOnsiY3JlYXRlIjo2MDAwMDAwMDAwMDAsImRlbGV0ZSI6MTgwMDAwMDAwMDAwMCwidXBkYXRlIjo2MDAwMDAwMDAwMDB9fQ==",
          "dependencies": [
            "aws_eip.nat_eip",
            "aws_internet_gateway.igw",
            "aws_subnet.public_1",
            "aws_vpc.main"
          ]
        }
      ]
    },
    {
      "mode": "managed",
      "type": "aws_route_table",
      "name": "private",
      "provider": "provider[\"registry.terraform.io/hashicorp/aws\"]",
      "instances": [
        {
          "schema_version": 0,
          "attributes": {
            "arn": "arn:aws:ec2:us-east-1:862714032458:route-table/rtb-0f1c36849db0f23a0",
            "id": "rtb-0f1c36849db0f23a0",
            "owner_id": "862714032458",
            "propagating_vgws": [],
            "region": "us-east-1",
            "route": [
              {
                "carrier_gateway_id": "",
                "cidr_block": "0.0.0.0/0",
                "core_network_arn": "",
                "destination_prefix_list_id": "",
                "egress_only_gateway_id": "",
                "gateway_id": "",
                "ipv6_cidr_block": "",
                "local_gateway_id": "",
                "nat_gateway_id": "nat-0aed518127d46da51",
                "network_interface_id": "",
                "transit_gateway_id": "",
                "vpc_endpoint_id": "",
                "vpc_peering_connection_id": ""
              }
            ],
            "tags": {
              "Name": "private-rt"
            },
            "tags_all": {
              "Name": "private-rt"
            },
            "timeouts": null,
            "vpc_id": "vpc-0f1a99692df5d9987"
          },
          "sensitive_attributes": [],
          "identity_schema_version": 0,
          "identity": {
            "account_id": "862714032458",
            "id": "rtb-0f1c36849db0f23a0",
            "region": "us-east-1"
          },
          "private": "eyJlMmJmYjczMC1lY2FhLTExZTYtOGY4OC0zNDM2M2JjN2M0YzAiOnsiY3JlYXRlIjozMDAwMDAwMDAwMDAsImRlbGV0ZSI6MzAwMDAwMDAwMDAwLCJ1cGRhdGUiOjEyMDAwMDAwMDAwMH19",
          "dependencies": [
            "aws_eip.nat_eip",
            "aws_internet_gateway.igw",
            "aws_nat_gateway.nat",
            "aws_subnet.public_1",
            "aws_vpc.main"
          ]
        }
      ]
    },
    {
      "mode": "managed",
      "type": "aws_route_table",
      "name": "public",
      "provider": "provider[\"registry.terraform.io/hashicorp/aws\"]",
      "instances": [
        {
          "schema_version": 0,
          "attributes": {
            "arn": "arn:aws:ec2:us-east-1:862714032458:route-table/rtb-0e935db7cc7fb8e3d",
            "id": "rtb-0e935db7cc7fb8e3d",
            "owner_id": "862714032458",
            "propagating_vgws": [],
            "region": "us-east-1",
            "route": [
              {
                "carrier_gateway_id": "",
                "cidr_block": "0.0.0.0/0",
                "core_network_arn": "",
                "destination_prefix_list_id": "",
                "egress_only_gateway_id": "",
                "gateway_id": "igw-0166dee9766ae4793",
                "ipv6_cidr_block": "",
                "local_gateway_id": "",
                "nat_gateway_id": "",
                "network_interface_id": "",
                "transit_gateway_id": "",
                "vpc_endpoint_id": "",
                "vpc_peering_connection_id": ""
              }
            ],
            "tags": {
              "Name": "public-rt"
            },
            "tags_all": {
              "Name": "public-rt"
            },
            "timeouts": null,
            "vpc_id": "vpc-0f1a99692df5d9987"
          },
          "sensitive_attributes": [],
          "identity_schema_version": 0,
          "identity": {
            "account_id": "862714032458",
            "id": "rtb-0e935db7cc7fb8e3d",
            "region": "us-east-1"
          },
          "private": "eyJlMmJmYjczMC1lY2FhLTExZTYtOGY4OC0zNDM2M2JjN2M0YzAiOnsiY3JlYXRlIjozMDAwMDAwMDAwMDAsImRlbGV0ZSI6MzAwMDAwMDAwMDAwLCJ1cGRhdGUiOjEyMDAwMDAwMDAwMH19",
          "dependencies": [
            "aws_internet_gateway.igw",
            "aws_vpc.main"
          ]
        }
      ]
    },
    {
      "mode": "managed",
      "type": "aws_route_table_association",
      "name": "private_1_assoc",
      "provider": "provider[\"registry.terraform.io/hashicorp/aws\"]",
      "instances": [
        {
          "schema_version": 0,
          "attributes": {
            "gateway_id": "",
            "id": "rtbassoc-077555208d108a34a",
            "region": "us-east-1",
            "route_table_id": "rtb-0f1c36849db0f23a0",
            "subnet_id": "subnet-07eda84b8f47296e9",
            "timeouts": null
          },
          "sensitive_attributes": [],
          "identity_schema_version": 0,
          "private": "eyJlMmJmYjczMC1lY2FhLTExZTYtOGY4OC0zNDM2M2JjN2M0YzAiOnsiY3JlYXRlIjozMDAwMDAwMDAwMDAsImRlbGV0ZSI6MzAwMDAwMDAwMDAwLCJ1cGRhdGUiOjEyMDAwMDAwMDAwMH19",
          "dependencies": [
            "aws_eip.nat_eip",
            "aws_internet_gateway.igw",
            "aws_nat_gateway.nat",
            "aws_route_table.private",
            "aws_subnet.private_1",
            "aws_subnet.public_1",
            "aws_vpc.main"
          ]
        }
      ]
    },
    {
      "mode": "managed",
      "type": "aws_route_table_association",
      "name": "private_2_assoc",
      "provider": "provider[\"registry.terraform.io/hashicorp/aws\"]",
      "instances": [
        {
          "schema_version": 0,
          "attributes": {
            "gateway_id": "",
            "id": "rtbassoc-0ad305dbb0c6e9e9b",
            "region": "us-east-1",
            "route_table_id": "rtb-0f1c36849db0f23a0",
            "subnet_id": "subnet-045eb637bb3d64278",
            "timeouts": null
          },
          "sensitive_attributes": [],
          "identity_schema_version": 0,
          "private": "eyJlMmJmYjczMC1lY2FhLTExZTYtOGY4OC0zNDM2M2JjN2M0YzAiOnsiY3JlYXRlIjozMDAwMDAwMDAwMDAsImRlbGV0ZSI6MzAwMDAwMDAwMDAwLCJ1cGRhdGUiOjEyMDAwMDAwMDAwMH19",
          "dependencies": [
            "aws_eip.nat_eip",
            "aws_internet_gateway.igw",
            "aws_nat_gateway.nat",
            "aws_route_table.private",
            "aws_subnet.private_2",
            "aws_subnet.public_1",
            "aws_vpc.main"
          ]
        }
      ]
    },
    {
      "mode": "managed",
      "type": "aws_route_table_association",
      "name": "public_1_assoc",
      "provider": "provider[\"registry.terraform.io/hashicorp/aws\"]",
      "instances": [
        {
          "schema_version": 0,
          "attributes": {
            "gateway_id": "",
            "id": "rtbassoc-0eee3a97fc592df85",
            "region": "us-east-1",
            "route_table_id": "rtb-0e935db7cc7fb8e3d",
            "subnet_id": "subnet-03b84908f21703fa8",
            "timeouts": null
          },
          "sensitive_attributes": [],
          "identity_schema_version": 0,
          "private": "eyJlMmJmYjczMC1lY2FhLTExZTYtOGY4OC0zNDM2M2JjN2M0YzAiOnsiY3JlYXRlIjozMDAwMDAwMDAwMDAsImRlbGV0ZSI6MzAwMDAwMDAwMDAwLCJ1cGRhdGUiOjEyMDAwMDAwMDAwMH19",
          "dependencies": [
            "aws_internet_gateway.igw",
            "aws_route_table.public",
            "aws_subnet.public_1",
            "aws_vpc.main"
          ]
        }
      ]
    },
    {
      "mode": "managed",
      "type": "aws_route_table_association",
      "name": "public_2_assoc",
      "provider": "provider[\"registry.terraform.io/hashicorp/aws\"]",
      "instances": [
        {
          "schema_version": 0,
          "attributes": {
            "gateway_id": "",
            "id": "rtbassoc-092ec4fb232a71675",
            "region": "us-east-1",
            "route_table_id": "rtb-0e935db7cc7fb8e3d",
            "subnet_id": "subnet-032b8b0c7a7e4fc64",
            "timeouts": null
          },
          "sensitive_attributes": [],
          "identity_schema_version": 0,
          "private": "eyJlMmJmYjczMC1lY2FhLTExZTYtOGY4OC0zNDM2M2JjN2M0YzAiOnsiY3JlYXRlIjozMDAwMDAwMDAwMDAsImRlbGV0ZSI6MzAwMDAwMDAwMDAwLCJ1cGRhdGUiOjEyMDAwMDAwMDAwMH19",
          "dependencies": [
            "aws_internet_gateway.igw",
            "aws_route_table.public",
            "aws_subnet.public_2",
            "aws_vpc.main"
          ]
        }
      ]
    },
    {
      "mode": "managed",
      "type": "aws_security_group",
      "name": "main_sg",
      "provider": "provider[\"registry.terraform.io/hashicorp/aws\"]",
      "instances": [
        {
          "schema_version": 1,
          "attributes": {
            "arn": "arn:aws:ec2:us-east-1:862714032458:security-group/sg-0b1b9d29fa98038af",
            "description": "Main Security Group for EC2 and RDS",
            "egress": [
              {
                "cidr_blocks": [
                  "0.0.0.0/0"
                ],
                "description": "",
                "from_port": 0,
                "ipv6_cidr_blocks": [],
                "prefix_list_ids": [],
                "protocol": "-1",
                "security_groups": [],
                "self": false,
                "to_port": 0
              }
            ],
            "id": "sg-0b1b9d29fa98038af",
            "ingress": [
              {
                "cidr_blocks": [
                  "0.0.0.0/0"
                ],
                "description": "All traffic",
                "from_port": 0,
                "ipv6_cidr_blocks": [],
                "prefix_list_ids": [],
                "protocol": "-1",
                "security_groups": [],
                "self": false,
                "to_port": 0
              },
              {
                "cidr_blocks": [
                  "0.0.0.0/0"
                ],
                "description": "MySQL RDS access",
                "from_port": 3306,
                "ipv6_cidr_blocks": [],
                "prefix_list_ids": [],
                "protocol": "tcp",
                "security_groups": [],
                "self": false,
                "to_port": 3306
              },
              {
                "cidr_blocks": [
                  "0.0.0.0/0"
                ],
                "description": "SSH access",
                "from_port": 22,
                "ipv6_cidr_blocks": [],
                "prefix_list_ids": [],
                "protocol": "tcp",
                "security_groups": [],
                "self": false,
                "to_port": 22
              }
            ],
            "name": "main_sg",
            "name_prefix": "",
            "owner_id": "862714032458",
            "region": "us-east-1",
            "revoke_rules_on_delete": false,
            "tags": {},
            "tags_all": {},
            "timeouts": null,
            "vpc_id": "vpc-0f1a99692df5d9987"
          },
          "sensitive_attributes": [],
          "identity_schema_version": 0,
          "identity": {
            "account_id": "862714032458",
            "id": "sg-0b1b9d29fa98038af",
            "region": "us-east-1"
          },
          "private": "eyJlMmJmYjczMC1lY2FhLTExZTYtOGY4OC0zNDM2M2JjN2M0YzAiOnsiY3JlYXRlIjo2MDAwMDAwMDAwMDAsImRlbGV0ZSI6OTAwMDAwMDAwMDAwfSwic2NoZW1hX3ZlcnNpb24iOiIxIn0=",
          "dependencies": [
            "aws_vpc.main"
          ]
        }
      ]
    },
    {
      "mode": "managed",
      "type": "aws_subnet",
      "name": "private_1",
      "provider": "provider[\"registry.terraform.io/hashicorp/aws\"]",
      "instances": [
        {
          "schema_version": 1,
          "attributes": {
            "arn": "arn:aws:ec2:us-east-1:862714032458:subnet/subnet-07eda84b8f47296e9",
            "assign_ipv6_address_on_creation": false,
            "availability_zone": "us-east-1a",
            "availability_zone_id": "use1-az1",
            "cidr_block": "10.0.3.0/24",
            "customer_owned_ipv4_pool": "",
            "enable_dns64": false,
            "enable_lni_at_device_index": 0,
            "enable_resource_name_dns_a_record_on_launch": false,
            "enable_resource_name_dns_aaaa_record_on_launch": false,
            "id": "subnet-07eda84b8f47296e9",
            "ipv6_cidr_block": "",
            "ipv6_cidr_block_association_id": "",
            "ipv6_native": false,
            "map_customer_owned_ip_on_launch": false,
            "map_public_ip_on_launch": false,
            "outpost_arn": "",
            "owner_id": "862714032458",
            "private_dns_hostname_type_on_launch": "ip-name",
            "region": "us-east-1",
            "tags": {
              "Name": "private-subnet-1"
            },
            "tags_all": {
              "Name": "private-subnet-1"
            },
            "timeouts": null,
            "vpc_id": "vpc-0f1a99692df5d9987"
          },
          "sensitive_attributes": [],
          "identity_schema_version": 0,
          "identity": {
            "account_id": "862714032458",
            "id": "subnet-07eda84b8f47296e9",
            "region": "us-east-1"
          },
          "private": "eyJlMmJmYjczMC1lY2FhLTExZTYtOGY4OC0zNDM2M2JjN2M0YzAiOnsiY3JlYXRlIjo2MDAwMDAwMDAwMDAsImRlbGV0ZSI6MTIwMDAwMDAwMDAwMH0sInNjaGVtYV92ZXJzaW9uIjoiMSJ9",
          "dependencies": [
            "aws_vpc.main"
          ]
        }
      ]
    },
    {
      "mode": "managed",
      "type": "aws_subnet",
      "name": "private_2",
      "provider": "provider[\"registry.terraform.io/hashicorp/aws\"]",
      "instances": [
        {
          "schema_version": 1,
          "attributes": {
            "arn": "arn:aws:ec2:us-east-1:862714032458:subnet/subnet-045eb637bb3d64278",
            "assign_ipv6_address_on_creation": false,
            "availability_zone": "us-east-1b",
            "availability_zone_id": "use1-az2",
            "cidr_block": "10.0.4.0/24",
            "customer_owned_ipv4_pool": "",
            "enable_dns64": false,
            "enable_lni_at_device_index": 0,
            "enable_resource_name_dns_a_record_on_launch": false,
            "enable_resource_name_dns_aaaa_record_on_launch": false,
            "id": "subnet-045eb637bb3d64278",
            "ipv6_cidr_block": "",
            "ipv6_cidr_block_association_id": "",
            "ipv6_native": false,
            "map_customer_owned_ip_on_launch": false,
            "map_public_ip_on_launch": false,
            "outpost_arn": "",
            "owner_id": "862714032458",
            "private_dns_hostname_type_on_launch": "ip-name",
            "region": "us-east-1",
            "tags": {
              "Name": "private-subnet-2"
            },
            "tags_all": {
              "Name": "private-subnet-2"
            },
            "timeouts": null,
            "vpc_id": "vpc-0f1a99692df5d9987"
          },
          "sensitive_attributes": [],
          "identity_schema_version": 0,
          "identity": {
            "account_id": "862714032458",
            "id": "subnet-045eb637bb3d64278",
            "region": "us-east-1"
          },
          "private": "eyJlMmJmYjczMC1lY2FhLTExZTYtOGY4OC0zNDM2M2JjN2M0YzAiOnsiY3JlYXRlIjo2MDAwMDAwMDAwMDAsImRlbGV0ZSI6MTIwMDAwMDAwMDAwMH0sInNjaGVtYV92ZXJzaW9uIjoiMSJ9",
          "dependencies": [
            "aws_vpc.main"
          ]
        }
      ]
    },
    {
      "mode": "managed",
      "type": "aws_subnet",
      "name": "public_1",
      "provider": "provider[\"registry.terraform.io/hashicorp/aws\"]",
      "instances": [
        {
          "schema_version": 1,
          "attributes": {
            "arn": "arn:aws:ec2:us-east-1:862714032458:subnet/subnet-03b84908f21703fa8",
            "assign_ipv6_address_on_creation": false,
            "availability_zone": "us-east-1a",
            "availability_zone_id": "use1-az1",
            "cidr_block": "10.0.1.0/24",
            "customer_owned_ipv4_pool": "",
            "enable_dns64": false,
            "enable_lni_at_device_index": 0,
            "enable_resource_name_dns_a_record_on_launch": false,
            "enable_resource_name_dns_aaaa_record_on_launch": false,
            "id": "subnet-03b84908f21703fa8",
            "ipv6_cidr_block": "",
            "ipv6_cidr_block_association_id": "",
            "ipv6_native": false,
            "map_customer_owned_ip_on_launch": false,
            "map_public_ip_on_launch": true,
            "outpost_arn": "",
            "owner_id": "862714032458",
            "private_dns_hostname_type_on_launch": "ip-name",
            "region": "us-east-1",
            "tags": {
              "Name": "public-subnet-1"
            },
            "tags_all": {
              "Name": "public-subnet-1"
            },
            "timeouts": null,
            "vpc_id": "vpc-0f1a99692df5d9987"
          },
          "sensitive_attributes": [],
          "identity_schema_version": 0,
          "identity": {
            "account_id": "862714032458",
            "id": "subnet-03b84908f21703fa8",
            "region": "us-east-1"
          },
          "private": "eyJlMmJmYjczMC1lY2FhLTExZTYtOGY4OC0zNDM2M2JjN2M0YzAiOnsiY3JlYXRlIjo2MDAwMDAwMDAwMDAsImRlbGV0ZSI6MTIwMDAwMDAwMDAwMH0sInNjaGVtYV92ZXJzaW9uIjoiMSJ9",
          "dependencies": [
            "aws_vpc.main"
          ]
        }
      ]
    },
    {
      "mode": "managed",
      "type": "aws_subnet",
      "name": "public_2",
      "provider": "provider[\"registry.terraform.io/hashicorp/aws\"]",
      "instances": [
        {
          "schema_version": 1,
          "attributes": {
            "arn": "arn:aws:ec2:us-east-1:862714032458:subnet/subnet-032b8b0c7a7e4fc64",
            "assign_ipv6_address_on_creation": false,
            "availability_zone": "us-east-1b",
            "availability_zone_id": "use1-az2",
            "cidr_block": "10.0.2.0/24",
            "customer_owned_ipv4_pool": "",
            "enable_dns64": false,
            "enable_lni_at_device_index": 0,
            "enable_resource_name_dns_a_record_on_launch": false,
            "enable_resource_name_dns_aaaa_record_on_launch": false,
            "id": "subnet-032b8b0c7a7e4fc64",
            "ipv6_cidr_block": "",
            "ipv6_cidr_block_association_id": "",
            "ipv6_native": false,
            "map_customer_owned_ip_on_launch": false,
            "map_public_ip_on_launch": true,
            "outpost_arn": "",
            "owner_id": "862714032458",
            "private_dns_hostname_type_on_launch": "ip-name",
            "region": "us-east-1",
            "tags": {
              "Name": "public-subnet-2"
            },
            "tags_all": {
              "Name": "public-subnet-2"
            },
            "timeouts": null,
            "vpc_id": "vpc-0f1a99692df5d9987"
          },
          "sensitive_attributes": [],
          "identity_schema_version": 0,
          "identity": {
            "account_id": "862714032458",
            "id": "subnet-032b8b0c7a7e4fc64",
            "region": "us-east-1"
          },
          "private": "eyJlMmJmYjczMC1lY2FhLTExZTYtOGY4OC0zNDM2M2JjN2M0YzAiOnsiY3JlYXRlIjo2MDAwMDAwMDAwMDAsImRlbGV0ZSI6MTIwMDAwMDAwMDAwMH0sInNjaGVtYV92ZXJzaW9uIjoiMSJ9",
          "dependencies": [
            "aws_vpc.main"
          ]
        }
      ]
    },
    {
      "mode": "managed",
      "type": "aws_vpc",
      "name": "main",
      "provider": "provider[\"registry.terraform.io/hashicorp/aws\"]",
      "instances": [
        {
          "schema_version": 1,
          "attributes": {
            "arn": "arn:aws:ec2:us-east-1:862714032458:vpc/vpc-0f1a99692df5d9987",
            "assign_generated_ipv6_cidr_block": false,
            "cidr_block": "10.0.0.0/16",
            "default_network_acl_id": "acl-0af77c8e4b4625c2b",
            "default_route_table_id": "rtb-032e87a25a99fb893",
            "default_security_group_id": "sg-055146fb063ec277e",
            "dhcp_options_id": "dopt-0ac5e1d1f85475a54",
            "enable_dns_hostnames": false,
            "enable_dns_support": true,
            "enable_network_address_usage_metrics": false,
            "id": "vpc-0f1a99692df5d9987",
            "instance_tenancy": "default",
            "ipv4_ipam_pool_id": null,
            "ipv4_netmask_length": null,
            "ipv6_association_id": "",
            "ipv6_cidr_block": "",
            "ipv6_cidr_block_network_border_group": "",
            "ipv6_ipam_pool_id": "",
            "ipv6_netmask_length": 0,
            "main_route_table_id": "rtb-032e87a25a99fb893",
            "owner_id": "862714032458",
            "region": "us-east-1",
            "tags": {
              "Name": "project-vpc"
            },
            "tags_all": {
              "Name": "project-vpc"
            }
          },
          "sensitive_attributes": [],
          "identity_schema_version": 0,
          "identity": {
            "account_id": "862714032458",
            "id": "vpc-0f1a99692df5d9987",
            "region": "us-east-1"
          },
          "private": "eyJzY2hlbWFfdmVyc2lvbiI6IjEifQ=="
        }
      ]
    },
    {
      "mode": "managed",
      "type": "local_file",
      "name": "bastion_key",
      "provider": "provider[\"registry.terraform.io/hashicorp/local\"]",
      "instances": [
        {
          "schema_version": 0,
          "attributes": {
            "content": "-----BEGIN RSA PRIVATE KEY-----\nMIIEogIBAAKCAQEA3ZTedQWdlAY+4m1H8U1Z6r398wfSP/UEMtXjoYGKb9yxFVCv\n2iKGfVfcW7rIyC77sBwyHLbv2c/7L+LGWbGexhnA2ozDVUz1ueRFbuBuo2Kn9S+Q\nakTvLrXUCUYWabsthTcKk6RVaqFhCM0WMyH0HVG1HYYS6CeViojllnDaLGnt76Vv\nxrZXh4s9w3WUc4rVBdXLuQYGnxnYdooagHNXw7hj1K5HLc4BGmPYfJ7rZMYqBO1I\n09E7ckUrtE+vdFXzGMzeOiZ1Bem62Abofm+uE+WxeIGnCN4ARKCB2undIvfe1U7c\nD1wpxVrY+JJNVwiSijLxuFTHlaDNzE1cnIIL/wIDAQABAoIBABecECP56DNogvTP\nXhYI/uazPcbSc4WbDsp33dxMmDqZEklKIqKkgR4D6ZfgjBpAX1MBfhlvKJlVvtb4\nW9gcw+Upw1HGI94H6DrZZsiMo11HWswWOFYKaE3a0+/1BthXOF90YO0gWnWVImi0\nqYPjP0aMeTbfHU6dQSLUuVnRRn3qzM0FajtY1oSg5FtV2tfcyvgx6gF/wJc38zao\n2MduXoM1WFBPngyH5L+cu6OkeK8X037coh+x+e0EQXfkucS4knYOUPfzHpoPtFzL\nseojSsvvaObWjDE966Hk9hocQJz6SPcCDRNjGsSKjgpzYiyIh3xM1yZJQqV2fK0i\nSDkohdECgYEA7138wrkoMEziynHDxjTvRWl2MNz/oAJw3GFE0mQKvn8Sf/HvrlWD\n2a19Pv0SHrIoINgj2n+aCAXaivwBowZf0zRK2+aI7c7cFunJcllthjFzFwp9URw1\nWw4cbQYAzQ8JV3uJluCpZM3YpJj7nkI3+rNCuLiXi5969EMRU+0/t0kCgYEA7Pp/\n+T37L7eeVS0GvctcSosAK53SMWsvcH6OqOvKmBxKQa0AuCXBXRPofymKXjgUUUwp\n2TgFIvaVSGZAbFqE1krDFJxF7RZ80OUJRIMuew8OTmMJ+vDe3uxd4Z1Iksz1+Q+I\nVmWSigegnIaLCiYhIq3UfajNXgd7vXfSgxPmwQcCgYAiZBaUw5WKmwFapM3EBIb8\nKhLZImd3zeH5R+BjegwxIoC98TzGh3LSK6L7EdEwp9gsH+HG2t5+mJi1r09s5NWP\nusumnJC/2iC1ChHvY/ngdepbPR6UMMFZu8VJxLsIu0hUUWOLUewEl66wt2ovasQw\nOOE1ORBM9zTrM1eh/0xQQQKBgDcjvj0vN9ANiHDHLkdhFxNdLmf3q93F0974A5e4\nbYZhJsILUByI5GoU5McZ0lFD+S5Fa4NYbpGJEIktCZZspXX7JVMZXYfh8J7me/aO\nE3WctjZ1AvB5tVHna5zAbQ+DU0RlYdLAhY1KYwuonpd48cLQ8Z1fdpGHajpWtAu9\nyLZnAoGAZ5nqCH0KKfgLqPoQq2Ni5adzrVCr9c/z2RaFoJ+cKI1+kOmUPhKcz0o9\n4qMVVneX0J3KibUB/gU+ebLgFUHcrF0I0524A+xrH57O6GreVWoEPMlGMqchylKo\n1coJp8vk82S/Qd3266u+pMgM72boUv+GD5NGn62S2D9ASB3RGQY=\n-----END RSA PRIVATE KEY-----\n",
            "content_base64": null,
            "content_base64sha256": "AQDfQgwNUGZSllYk6vMkR/j1tsAVTdqusjBzGFH5a20=",
            "content_base64sha512": "vtqoYAQeo0gaaIBlz8kb97sA3OMOXHALyEkhO0smwDpGMixV/bFrswb2/HyGEJjd0F5NgCfIws4BXvq2hGYocg==",
            "content_md5": "6e25081f97e25c7186cf585dda6853f4",
            "content_sha1": "e7fa3e6736d30b54a9e5a1c573e76fca21930ebf",
            "content_sha256": "0100df420c0d506652965624eaf32447f8f5b6c0154ddaaeb230731851f96b6d",
            "content_sha512": "bedaa860041ea3481a688065cfc91bf7bb00dce30e5c700bc849213b4b26c03a46322c55fdb16bb306f6fc7c861098ddd05e4d8027c8c2ce015efab684662872",
            "directory_permission": "0777",
            "file_permission": "0600",
            "filename": "./bastion_private_key.pem",
            "id": "e7fa3e6736d30b54a9e5a1c573e76fca21930ebf",
            "sensitive_content": null,
            "source": null
          },
          "sensitive_attributes": [
            [
              {
                "type": "get_attr",
                "value": "content"
              }
            ],
            [
              {
                "type": "get_attr",
                "value": "sensitive_content"
              }
            ]
          ],
          "identity_schema_version": 0,
          "dependencies": [
            "tls_private_key.bastion"
          ]
        }
      ]
    },
    {
      "mode": "managed",
      "type": "tls_private_key",
      "name": "bastion",
      "provider": "provider[\"registry.terraform.io/hashicorp/tls\"]",
      "instances": [
        {
          "schema_version": 1,
          "attributes": {
            "algorithm": "RSA",
            "ecdsa_curve": "P224",
            "id": "8c5dd48b22ac138f86e780b4c68f89c26e51cd23",
            "private_key_openssh": "-----BEGIN OPENSSH PRIVATE KEY-----\nb3BlbnNzaC1rZXktdjEAAAAABG5vbmUAAAAEbm9uZQAAAAAAAAABAAABFwAAAAdz\nc2gtcnNhAAAAAwEAAQAAAQEA3ZTedQWdlAY+4m1H8U1Z6r398wfSP/UEMtXjoYGK\nb9yxFVCv2iKGfVfcW7rIyC77sBwyHLbv2c/7L+LGWbGexhnA2ozDVUz1ueRFbuBu\no2Kn9S+QakTvLrXUCUYWabsthTcKk6RVaqFhCM0WMyH0HVG1HYYS6CeViojllnDa\nLGnt76VvxrZXh4s9w3WUc4rVBdXLuQYGnxnYdooagHNXw7hj1K5HLc4BGmPYfJ7r\nZMYqBO1I09E7ckUrtE+vdFXzGMzeOiZ1Bem62Abofm+uE+WxeIGnCN4ARKCB2und\nIvfe1U7cD1wpxVrY+JJNVwiSijLxuFTHlaDNzE1cnIIL/wAAA7hAqOvFQKjrxQAA\nAAdzc2gtcnNhAAABAQDdlN51BZ2UBj7ibUfxTVnqvf3zB9I/9QQy1eOhgYpv3LEV\nUK/aIoZ9V9xbusjILvuwHDIctu/Zz/sv4sZZsZ7GGcDajMNVTPW55EVu4G6jYqf1\nL5BqRO8utdQJRhZpuy2FNwqTpFVqoWEIzRYzIfQdUbUdhhLoJ5WKiOWWcNosae3v\npW/GtleHiz3DdZRzitUF1cu5BgafGdh2ihqAc1fDuGPUrkctzgEaY9h8nutkxioE\n7UjT0TtyRSu0T690VfMYzN46JnUF6brYBuh+b64T5bF4gacI3gBEoIHa6d0i997V\nTtwPXCnFWtj4kk1XCJKKMvG4VMeVoM3MTVycggv/AAAAAwEAAQAAAQAXnBAj+egz\naIL0z14WCP7msz3G0nOFmw7Kd93cTJg6mRJJSiKipIEeA+mX4IwaQF9TAX4ZbyiZ\nVb7W+FvYHMPlKcNRxiPeB+g62WbIjKNdR1rMFjhWCmhN2tPv9QbYVzhfdGDtIFp1\nlSJotKmD4z9GjHk23x1OnUEi1LlZ0UZ96szNBWo7WNaEoORbVdrX3Mr4MeoBf8CX\nN/M2qNjHbl6DNVhQT54Mh+S/nLujpHivF9N+3KIfsfntBEF35LnEuJJ2DlD38x6a\nD7Rcy7HqI0rL72jm1owxPeuh5PYaHECc+kj3Ag0TYxrEio4Kc2IsiId8TNcmSUKl\ndnytIkg5KIXRAAAAgGeZ6gh9Cin4C6j6EKtjYuWnc61Qq/XP89kWhaCfnCiNfpDp\nlD4SnM9KPeKjFVZ3l9Cdyom1Af4FPnmy4BVB3KxdCNOduAPsax+ezuhq3lVqBDzJ\nRjKnIcpSqNXKCafL5PNkv0Hd9uurvqTIDO9m6FL/hg+TRp+tktg/QEgd0RkGAAAA\ngQDvXfzCuSgwTOLKccPGNO9FaXYw3P+gAnDcYUTSZAq+fxJ/8e+uVYPZrX0+/RIe\nsigg2CPaf5oIBdqK/AGjBl/TNErb5ojtztwW6clyWW2GMXMXCn1RHDVbDhxtBgDN\nDwlXe4mW4KlkzdikmPueQjf6s0K4uJeLn3r0QxFT7T+3SQAAAIEA7Pp/+T37L7ee\nVS0GvctcSosAK53SMWsvcH6OqOvKmBxKQa0AuCXBXRPofymKXjgUUUwp2TgFIvaV\nSGZAbFqE1krDFJxF7RZ80OUJRIMuew8OTmMJ+vDe3uxd4Z1Iksz1+Q+IVmWSigeg\nnIaLCiYhIq3UfajNXgd7vXfSgxPmwQcAAAAAAQID\n-----END OPENSSH PRIVATE KEY-----\n",
            "private_key_pem": "-----BEGIN RSA PRIVATE KEY-----\nMIIEogIBAAKCAQEA3ZTedQWdlAY+4m1H8U1Z6r398wfSP/UEMtXjoYGKb9yxFVCv\n2iKGfVfcW7rIyC77sBwyHLbv2c/7L+LGWbGexhnA2ozDVUz1ueRFbuBuo2Kn9S+Q\nakTvLrXUCUYWabsthTcKk6RVaqFhCM0WMyH0HVG1HYYS6CeViojllnDaLGnt76Vv\nxrZXh4s9w3WUc4rVBdXLuQYGnxnYdooagHNXw7hj1K5HLc4BGmPYfJ7rZMYqBO1I\n09E7ckUrtE+vdFXzGMzeOiZ1Bem62Abofm+uE+WxeIGnCN4ARKCB2undIvfe1U7c\nD1wpxVrY+JJNVwiSijLxuFTHlaDNzE1cnIIL/wIDAQABAoIBABecECP56DNogvTP\nXhYI/uazPcbSc4WbDsp33dxMmDqZEklKIqKkgR4D6ZfgjBpAX1MBfhlvKJlVvtb4\nW9gcw+Upw1HGI94H6DrZZsiMo11HWswWOFYKaE3a0+/1BthXOF90YO0gWnWVImi0\nqYPjP0aMeTbfHU6dQSLUuVnRRn3qzM0FajtY1oSg5FtV2tfcyvgx6gF/wJc38zao\n2MduXoM1WFBPngyH5L+cu6OkeK8X037coh+x+e0EQXfkucS4knYOUPfzHpoPtFzL\nseojSsvvaObWjDE966Hk9hocQJz6SPcCDRNjGsSKjgpzYiyIh3xM1yZJQqV2fK0i\nSDkohdECgYEA7138wrkoMEziynHDxjTvRWl2MNz/oAJw3GFE0mQKvn8Sf/HvrlWD\n2a19Pv0SHrIoINgj2n+aCAXaivwBowZf0zRK2+aI7c7cFunJcllthjFzFwp9URw1\nWw4cbQYAzQ8JV3uJluCpZM3YpJj7nkI3+rNCuLiXi5969EMRU+0/t0kCgYEA7Pp/\n+T37L7eeVS0GvctcSosAK53SMWsvcH6OqOvKmBxKQa0AuCXBXRPofymKXjgUUUwp\n2TgFIvaVSGZAbFqE1krDFJxF7RZ80OUJRIMuew8OTmMJ+vDe3uxd4Z1Iksz1+Q+I\nVmWSigegnIaLCiYhIq3UfajNXgd7vXfSgxPmwQcCgYAiZBaUw5WKmwFapM3EBIb8\nKhLZImd3zeH5R+BjegwxIoC98TzGh3LSK6L7EdEwp9gsH+HG2t5+mJi1r09s5NWP\nusumnJC/2iC1ChHvY/ngdepbPR6UMMFZu8VJxLsIu0hUUWOLUewEl66wt2ovasQw\nOOE1ORBM9zTrM1eh/0xQQQKBgDcjvj0vN9ANiHDHLkdhFxNdLmf3q93F0974A5e4\nbYZhJsILUByI5GoU5McZ0lFD+S5Fa4NYbpGJEIktCZZspXX7JVMZXYfh8J7me/aO\nE3WctjZ1AvB5tVHna5zAbQ+DU0RlYdLAhY1KYwuonpd48cLQ8Z1fdpGHajpWtAu9\nyLZnAoGAZ5nqCH0KKfgLqPoQq2Ni5adzrVCr9c/z2RaFoJ+cKI1+kOmUPhKcz0o9\n4qMVVneX0J3KibUB/gU+ebLgFUHcrF0I0524A+xrH57O6GreVWoEPMlGMqchylKo\n1coJp8vk82S/Qd3266u+pMgM72boUv+GD5NGn62S2D9ASB3RGQY=\n-----END RSA PRIVATE KEY-----\n",
            "private_key_pem_pkcs8": "-----BEGIN PRIVATE KEY-----\nMIIEvAIBADANBgkqhkiG9w0BAQEFAASCBKYwggSiAgEAAoIBAQDdlN51BZ2UBj7i\nbUfxTVnqvf3zB9I/9QQy1eOhgYpv3LEVUK/aIoZ9V9xbusjILvuwHDIctu/Zz/sv\n4sZZsZ7GGcDajMNVTPW55EVu4G6jYqf1L5BqRO8utdQJRhZpuy2FNwqTpFVqoWEI\nzRYzIfQdUbUdhhLoJ5WKiOWWcNosae3vpW/GtleHiz3DdZRzitUF1cu5BgafGdh2\nihqAc1fDuGPUrkctzgEaY9h8nutkxioE7UjT0TtyRSu0T690VfMYzN46JnUF6brY\nBuh+b64T5bF4gacI3gBEoIHa6d0i997VTtwPXCnFWtj4kk1XCJKKMvG4VMeVoM3M\nTVycggv/AgMBAAECggEAF5wQI/noM2iC9M9eFgj+5rM9xtJzhZsOynfd3EyYOpkS\nSUoioqSBHgPpl+CMGkBfUwF+GW8omVW+1vhb2BzD5SnDUcYj3gfoOtlmyIyjXUda\nzBY4VgpoTdrT7/UG2Fc4X3Rg7SBadZUiaLSpg+M/Rox5Nt8dTp1BItS5WdFGferM\nzQVqO1jWhKDkW1Xa19zK+DHqAX/AlzfzNqjYx25egzVYUE+eDIfkv5y7o6R4rxfT\nftyiH7H57QRBd+S5xLiSdg5Q9/Memg+0XMux6iNKy+9o5taMMT3roeT2GhxAnPpI\n9wINE2MaxIqOCnNiLIiHfEzXJklCpXZ8rSJIOSiF0QKBgQDvXfzCuSgwTOLKccPG\nNO9FaXYw3P+gAnDcYUTSZAq+fxJ/8e+uVYPZrX0+/RIesigg2CPaf5oIBdqK/AGj\nBl/TNErb5ojtztwW6clyWW2GMXMXCn1RHDVbDhxtBgDNDwlXe4mW4KlkzdikmPue\nQjf6s0K4uJeLn3r0QxFT7T+3SQKBgQDs+n/5Pfsvt55VLQa9y1xKiwArndIxay9w\nfo6o68qYHEpBrQC4JcFdE+h/KYpeOBRRTCnZOAUi9pVIZkBsWoTWSsMUnEXtFnzQ\n5QlEgy57Dw5OYwn68N7e7F3hnUiSzPX5D4hWZZKKB6CchosKJiEirdR9qM1eB3u9\nd9KDE+bBBwKBgCJkFpTDlYqbAVqkzcQEhvwqEtkiZ3fN4flH4GN6DDEigL3xPMaH\nctIrovsR0TCn2Cwf4cba3n6YmLWvT2zk1Y+6y6ackL/aILUKEe9j+eB16ls9HpQw\nwVm7xUnEuwi7SFRRY4tR7ASXrrC3ai9qxDA44TU5EEz3NOszV6H/TFBBAoGANyO+\nPS830A2IcMcuR2EXE10uZ/er3cXT3vgDl7hthmEmwgtQHIjkahTkxxnSUUP5LkVr\ng1hukYkQiS0JlmyldfslUxldh+HwnuZ79o4TdZy2NnUC8Hm1UedrnMBtD4NTRGVh\n0sCFjUpjC6iel3jxwtDxnV92kYdqOla0C73ItmcCgYBnmeoIfQop+Auo+hCrY2Ll\np3OtUKv1z/PZFoWgn5wojX6Q6ZQ+EpzPSj3ioxVWd5fQncqJtQH+BT55suAVQdys\nXQjTnbgD7Gsfns7oat5VagQ8yUYypyHKUqjVygmny+TzZL9B3fbrq76kyAzvZuhS\n/4YPk0afrZLYP0BIHdEZBg==\n-----END PRIVATE KEY-----\n",
            "public_key_fingerprint_md5": "a9:ef:98:5e:5d:e2:a4:f1:88:b6:0c:a3:3d:bd:5e:71",
            "public_key_fingerprint_sha256": "SHA256:kjkRLxuM7iKiRL3piGjeym0zfple5oKObAo1ABYvQ5M",
            "public_key_openssh": "ssh-rsa AAAAB3NzaC1yc2EAAAADAQABAAABAQDdlN51BZ2UBj7ibUfxTVnqvf3zB9I/9QQy1eOhgYpv3LEVUK/aIoZ9V9xbusjILvuwHDIctu/Zz/sv4sZZsZ7GGcDajMNVTPW55EVu4G6jYqf1L5BqRO8utdQJRhZpuy2FNwqTpFVqoWEIzRYzIfQdUbUdhhLoJ5WKiOWWcNosae3vpW/GtleHiz3DdZRzitUF1cu5BgafGdh2ihqAc1fDuGPUrkctzgEaY9h8nutkxioE7UjT0TtyRSu0T690VfMYzN46JnUF6brYBuh+b64T5bF4gacI3gBEoIHa6d0i997VTtwPXCnFWtj4kk1XCJKKMvG4VMeVoM3MTVycggv/\n",
            "public_key_pem": "-----BEGIN PUBLIC KEY-----\nMIIBIjANBgkqhkiG9w0BAQEFAAOCAQ8AMIIBCgKCAQEA3ZTedQWdlAY+4m1H8U1Z\n6r398wfSP/UEMtXjoYGKb9yxFVCv2iKGfVfcW7rIyC77sBwyHLbv2c/7L+LGWbGe\nxhnA2ozDVUz1ueRFbuBuo2Kn9S+QakTvLrXUCUYWabsthTcKk6RVaqFhCM0WMyH0\nHVG1HYYS6CeViojllnDaLGnt76VvxrZXh4s9w3WUc4rVBdXLuQYGnxnYdooagHNX\nw7hj1K5HLc4BGmPYfJ7rZMYqBO1I09E7ckUrtE+vdFXzGMzeOiZ1Bem62Abofm+u\nE+WxeIGnCN4ARKCB2undIvfe1U7cD1wpxVrY+JJNVwiSijLxuFTHlaDNzE1cnIIL\n/wIDAQAB\n-----END PUBLIC KEY-----\n",
            "rsa_bits": 2048
          },
          "sensitive_attributes": [
            [
              {
                "type": "get_attr",
                "value": "private_key_openssh"
              }
            ],
            [
              {
                "type": "get_attr",
                "value": "private_key_pem"
              }
            ],
            [
              {
                "type": "get_attr",
                "value": "private_key_pem_pkcs8"
              }
            ]
          ],
          "identity_schema_version": 0
        }
      ]
    }
  ],
  "check_results": null
}
